{
  "requires": true,
  "lockfileVersion": 1,
  "dependencies": {
    "clsx": {
      "version": "1.1.1",
      "resolved": "https://registry.npmjs.org/clsx/-/clsx-1.1.1.tgz",
      "integrity": "sha512-6/bPho624p3S2pMyvP5kKBPXnI3ufHLObBFCfgx+LkeR5lg2XYy2hqZqUf45ypD8COn2bhgGJSUE+l5dhNBieA=="
    },
    "react-css-dropdown": {
      "version": "1.1.2",
      "resolved": "https://registry.npmjs.org/react-css-dropdown/-/react-css-dropdown-1.1.2.tgz",
      "integrity": "sha512-bJ5jS1ewo68GacfziWYjaDRJsqhwvzsXaZRFcdpV6ZGv4jjZM7NnUPNCJIXw6Mm6P54PdHzdWSwGGWqWA5WRxQ==",
      "requires": {
        "clsx": "^1.1.1"
      }
    }
  }
}
